
Microsoft Visual Studio Solution File, Format Version 12.00
# Visual Studio 15
VisualStudioVersion = 15.0.28307.271
MinimumVisualStudioVersion = 10.0.40219.1
Project("{FAE04EC0-301F-11D3-BF4B-00C04F79EFBC}") = "RestaurantSYS", "RestaurantSYS\RestaurantSYS.csproj", "{763B903F-FBBB-4E45-878E-6915DC2222F8}"
EndProject
Global
	GlobalSection(SolutionConfigurationPlatforms) = preSolution
		Debug|Any CPU = Debug|Any CPU
		Release|Any CPU = Release|Any CPU
	EndGlobalSection
	GlobalSection(ProjectConfigurationPlatforms) = postSolution
		{763B903F-FBBB-4E45-878E-6915DC2222F8}.Debug|Any CPU.ActiveCfg = Debug|Any CPU
		{763B903F-FBBB-4E45-878E-6915DC2222F8}.Debug|Any CPU.Build.0 = Debug|Any CPU
		{763B903F-FBBB-4E45-878E-6915DC2222F8}.Release|Any CPU.ActiveCfg = Release|Any CPU
		{763B903F-FBBB-4E45-878E-6915DC2222F8}.Release|Any CPU.Build.0 = Release|Any CPU
	EndGlobalSection
	GlobalSection(SolutionProperties) = preSolution
		HideSolutionNode = FALSE
	EndGlobalSection
	GlobalSection(ExtensibilityGlobals) = postSolution
		SolutionGuid = {FF6171B4-9825-4C55-BDB8-FCC797763FB9}
	EndGlobalSection
EndGlobal
